
Microsoft Visual Studio Solution File, Format Version 12.00
Project("{FAE04EC0-301F-11D3-BF4B-00C04F79EFBC}") = "Dashboard.API", "Dashboard.API.csproj", "{900610E3-F306-40B1-8DBC-30F4782976FA}"
EndProject
Global
	GlobalSection(SolutionConfigurationPlatforms) = preSolution
		Debug|Any CPU = Debug|Any CPU
		Release|Any CPU = Release|Any CPU
	EndGlobalSection
	GlobalSection(ProjectConfigurationPlatforms) = postSolution
		{900610E3-F306-40B1-8DBC-30F4782976FA}.Debug|Any CPU.ActiveCfg = Debug|Any CPU
		{900610E3-F306-40B1-8DBC-30F4782976FA}.Debug|Any CPU.Build.0 = Debug|Any CPU
		{900610E3-F306-40B1-8DBC-30F4782976FA}.Release|Any CPU.ActiveCfg = Release|Any CPU
		{900610E3-F306-40B1-8DBC-30F4782976FA}.Release|Any CPU.Build.0 = Release|Any CPU
	EndGlobalSection
EndGlobal
